
Microsoft Visual Studio Solution File, Format Version 12.00
# Visual Studio 15
VisualStudioVersion = 15.0.26430.16
MinimumVisualStudioVersion = 10.0.40219.1
Project("{FAE04EC0-301F-11D3-BF4B-00C04F79EFBC}") = "Swagger", "Swagger\Swagger.csproj", "{69B9EBEA-F7F8-4D72-97F8-D4B8FF715B00}"
EndProject
Project("{FAE04EC0-301F-11D3-BF4B-00C04F79EFBC}") = "SwaggerClient", "SwaggerClient\SwaggerClient.csproj", "{ECFA909F-8B4B-4572-9B2D-8BD178321E88}"
EndProject
Project("{FAE04EC0-301F-11D3-BF4B-00C04F79EFBC}") = "libTools", "libTools\libTools.csproj", "{234DA24A-4799-489E-BC22-627F38F5E52A}"
EndProject
Project("{2150E333-8FDC-42A3-9474-1A3956D46DE8}") = "Solution Items", "Solution Items", "{F28BCE34-933E-4350-AD41-A0C95AFC7E72}"
	ProjectSection(SolutionItems) = preProject
		..\..\..\Users\KhaLe\Desktop\v1 = ..\..\..\Users\KhaLe\Desktop\v1
	EndProjectSection
EndProject
Global
	GlobalSection(SolutionConfigurationPlatforms) = preSolution
		Debug|Any CPU = Debug|Any CPU
		Release|Any CPU = Release|Any CPU
	EndGlobalSection
	GlobalSection(ProjectConfigurationPlatforms) = postSolution
		{69B9EBEA-F7F8-4D72-97F8-D4B8FF715B00}.Debug|Any CPU.ActiveCfg = Debug|Any CPU
		{69B9EBEA-F7F8-4D72-97F8-D4B8FF715B00}.Debug|Any CPU.Build.0 = Debug|Any CPU
		{69B9EBEA-F7F8-4D72-97F8-D4B8FF715B00}.Release|Any CPU.ActiveCfg = Release|Any CPU
		{69B9EBEA-F7F8-4D72-97F8-D4B8FF715B00}.Release|Any CPU.Build.0 = Release|Any CPU
		{ECFA909F-8B4B-4572-9B2D-8BD178321E88}.Debug|Any CPU.ActiveCfg = Debug|Any CPU
		{ECFA909F-8B4B-4572-9B2D-8BD178321E88}.Debug|Any CPU.Build.0 = Debug|Any CPU
		{ECFA909F-8B4B-4572-9B2D-8BD178321E88}.Release|Any CPU.ActiveCfg = Release|Any CPU
		{ECFA909F-8B4B-4572-9B2D-8BD178321E88}.Release|Any CPU.Build.0 = Release|Any CPU
		{234DA24A-4799-489E-BC22-627F38F5E52A}.Debug|Any CPU.ActiveCfg = Debug|Any CPU
		{234DA24A-4799-489E-BC22-627F38F5E52A}.Debug|Any CPU.Build.0 = Debug|Any CPU
		{234DA24A-4799-489E-BC22-627F38F5E52A}.Release|Any CPU.ActiveCfg = Release|Any CPU
		{234DA24A-4799-489E-BC22-627F38F5E52A}.Release|Any CPU.Build.0 = Release|Any CPU
	EndGlobalSection
	GlobalSection(SolutionProperties) = preSolution
		HideSolutionNode = FALSE
	EndGlobalSection
EndGlobal
